// !$*UTF8*$!
{
	archiveVersion = 1;
	classes = {
	};
	objectVersion = 56;
	objects = {

/* Begin PBXBuildFile section */
		AE4DA637299E8A7100B395AB /* ForecastView.swift in Sources */ = {isa = PBXBuildFile; fileRef = AE4DA636299E8A7100B395AB /* ForecastView.swift */; };
		AE4DA639299E904A00B395AB /* SmallWeatherBox.swift in Sources */ = {isa = PBXBuildFile; fileRef = AE4DA638299E904A00B395AB /* SmallWeatherBox.swift */; };
		AEA0EB49299D4C8500496B90 /* WeatherTrackerApp.swift in Sources */ = {isa = PBXBuildFile; fileRef = AEA0EB48299D4C8500496B90 /* WeatherTrackerApp.swift */; };
		AEA0EB4B299D4C8500496B90 /* HomeView.swift in Sources */ = {isa = PBXBuildFile; fileRef = AEA0EB4A299D4C8500496B90 /* HomeView.swift */; };
		AEA0EB4D299D4C8700496B90 /* Assets.xcassets in Resources */ = {isa = PBXBuildFile; fileRef = AEA0EB4C299D4C8700496B90 /* Assets.xcassets */; };
		AEA0EB50299D4C8700496B90 /* Preview Assets.xcassets in Resources */ = {isa = PBXBuildFile; fileRef = AEA0EB4F299D4C8700496B90 /* Preview Assets.xcassets */; };
		AEA0EB5B299D4E0900496B90 /* WeatherView.swift in Sources */ = {isa = PBXBuildFile; fileRef = AEA0EB5A299D4E0900496B90 /* WeatherView.swift */; };
		AEA0EB5E299D58AF00496B90 /* data.json in Resources */ = {isa = PBXBuildFile; fileRef = AEA0EB5D299D58AF00496B90 /* data.json */; };
		AEB214C529A7BED300176FCC /* WeatherModel.swift in Sources */ = {isa = PBXBuildFile; fileRef = AEB214C429A7BED300176FCC /* WeatherModel.swift */; };
		AEB214C729A7BEEE00176FCC /* WeatherAPIClient.swift in Sources */ = {isa = PBXBuildFile; fileRef = AEB214C629A7BEEE00176FCC /* WeatherAPIClient.swift */; };
/* End PBXBuildFile section */

/* Begin PBXFileReference section */
		AE4DA636299E8A7100B395AB /* ForecastView.swift */ = {isa = PBXFileReference; lastKnownFileType = sourcecode.swift; path = ForecastView.swift; sourceTree = "<group>"; };
		AE4DA638299E904A00B395AB /* SmallWeatherBox.swift */ = {isa = PBXFileReference; lastKnownFileType = sourcecode.swift; path = SmallWeatherBox.swift; sourceTree = "<group>"; };
		AEA0EB45299D4C8500496B90 /* WeatherTracker.app */ = {isa = PBXFileReference; explicitFileType = wrapper.application; includeInIndex = 0; path = WeatherTracker.app; sourceTree = BUILT_PRODUCTS_DIR; };
		AEA0EB48299D4C8500496B90 /* WeatherTrackerApp.swift */ = {isa = PBXFileReference; lastKnownFileType = sourcecode.swift; path = WeatherTrackerApp.swift; sourceTree = "<group>"; };
		AEA0EB4A299D4C8500496B90 /* HomeView.swift */ = {isa = PBXFileReference; lastKnownFileType = sourcecode.swift; path = HomeView.swift; sourceTree = "<group>"; };
		AEA0EB4C299D4C8700496B90 /* Assets.xcassets */ = {isa = PBXFileReference; lastKnownFileType = folder.assetcatalog; path = Assets.xcassets; sourceTree = "<group>"; };
		AEA0EB4F299D4C8700496B90 /* Preview Assets.xcassets */ = {isa = PBXFileReference; lastKnownFileType = folder.assetcatalog; path = "Preview Assets.xcassets"; sourceTree = "<group>"; };
		AEA0EB5A299D4E0900496B90 /* WeatherView.swift */ = {isa = PBXFileReference; lastKnownFileType = sourcecode.swift; path = WeatherView.swift; sourceTree = "<group>"; };
		AEA0EB5D299D58AF00496B90 /* data.json */ = {isa = PBXFileReference; lastKnownFileType = text.json; path = data.json; sourceTree = "<group>"; };
		AEB214C429A7BED300176FCC /* WeatherModel.swift */ = {isa = PBXFileReference; lastKnownFileType = sourcecode.swift; path = WeatherModel.swift; sourceTree = "<group>"; };
		AEB214C629A7BEEE00176FCC /* WeatherAPIClient.swift */ = {isa = PBXFileReference; lastKnownFileType = sourcecode.swift; path = WeatherAPIClient.swift; sourceTree = "<group>"; };
/* End PBXFileReference section */

/* Begin PBXFrameworksBuildPhase section */
		AEA0EB42299D4C8500496B90 /* Frameworks */ = {
			isa = PBXFrameworksBuildPhase;
			buildActionMask = 2147483647;
			files = (
			);
			runOnlyForDeploymentPostprocessing = 0;
		};
/* End PBXFrameworksBuildPhase section */

/* Begin PBXGroup section */
		AEA0EB3C299D4C8500496B90 = {
			isa = PBXGroup;
			children = (
				AEA0EB47299D4C8500496B90 /* WeatherTracker */,
				AEA0EB46299D4C8500496B90 /* Products */,
			);
			sourceTree = "<group>";
		};
		AEA0EB46299D4C8500496B90 /* Products */ = {
			isa = PBXGroup;
			children = (
				AEA0EB45299D4C8500496B90 /* WeatherTracker.app */,
			);
			name = Products;
			sourceTree = "<group>";
		};
		AEA0EB47299D4C8500496B90 /* WeatherTracker */ = {
			isa = PBXGroup;
			children = (
				AEA0EB48299D4C8500496B90 /* WeatherTrackerApp.swift */,
				AEA0EB56299D4C9100496B90 /* Views */,
				AEA0EB58299D4C9F00496B90 /* ViewModels */,
				AEA0EB57299D4C9800496B90 /* Models */,
				AEA0EB59299D4CA800496B90 /* Utilities */,
				AEA0EB5C299D587000496B90 /* Data */,
				AEA0EB4C299D4C8700496B90 /* Assets.xcassets */,
				AEA0EB4E299D4C8700496B90 /* Preview Content */,
			);
			path = WeatherTracker;
			sourceTree = "<group>";
		};
		AEA0EB4E299D4C8700496B90 /* Preview Content */ = {
			isa = PBXGroup;
			children = (
				AEA0EB4F299D4C8700496B90 /* Preview Assets.xcassets */,
			);
			path = "Preview Content";
			sourceTree = "<group>";
		};
		AEA0EB56299D4C9100496B90 /* Views */ = {
			isa = PBXGroup;
			children = (
				AEA0EB4A299D4C8500496B90 /* HomeView.swift */,
				AEA0EB5A299D4E0900496B90 /* WeatherView.swift */,
				AE4DA636299E8A7100B395AB /* ForecastView.swift */,
				AE4DA638299E904A00B395AB /* SmallWeatherBox.swift */,
			);
			path = Views;
			sourceTree = "<group>";
		};
		AEA0EB57299D4C9800496B90 /* Models */ = {
			isa = PBXGroup;
			children = (
			);
			path = Models;
			sourceTree = "<group>";
		};
		AEA0EB58299D4C9F00496B90 /* ViewModels */ = {
			isa = PBXGroup;
			children = (
				AEB214C429A7BED300176FCC /* WeatherModel.swift */,
				AEB214C629A7BEEE00176FCC /* WeatherAPIClient.swift */,
			);
			path = ViewModels;
			sourceTree = "<group>";
		};
		AEA0EB59299D4CA800496B90 /* Utilities */ = {
			isa = PBXGroup;
			children = (
			);
			path = Utilities;
			sourceTree = "<group>";
		};
		AEA0EB5C299D587000496B90 /* Data */ = {
			isa = PBXGroup;
			children = (
				AEA0EB5D299D58AF00496B90 /* data.json */,
			);
			path = Data;
			sourceTree = "<group>";
		};
/* End PBXGroup section */

/* Begin PBXNativeTarget section */
		AEA0EB44299D4C8500496B90 /* WeatherTracker */ = {
			isa = PBXNativeTarget;
			buildConfigurationList = AEA0EB53299D4C8700496B90 /* Build configuration list for PBXNativeTarget "WeatherTracker" */;
			buildPhases = (
				AEA0EB41299D4C8500496B90 /* Sources */,
				AEA0EB42299D4C8500496B90 /* Frameworks */,
				AEA0EB43299D4C8500496B90 /* Resources */,
			);
			buildRules = (
			);
			dependencies = (
			);
			name = WeatherTracker;
			productName = WeatherTracker;
			productReference = AEA0EB45299D4C8500496B90 /* WeatherTracker.app */;
			productType = "com.apple.product-type.application";
		};
/* End PBXNativeTarget section */

/* Begin PBXProject section */
		AEA0EB3D299D4C8500496B90 /* Project object */ = {
			isa = PBXProject;
			attributes = {
				BuildIndependentTargetsInParallel = 1;
				LastSwiftUpdateCheck = 1420;
				LastUpgradeCheck = 1420;
				TargetAttributes = {
					AEA0EB44299D4C8500496B90 = {
						CreatedOnToolsVersion = 14.2;
					};
				};
			};
			buildConfigurationList = AEA0EB40299D4C8500496B90 /* Build configuration list for PBXProject "WeatherTracker" */;
			compatibilityVersion = "Xcode 14.0";
			developmentRegion = en;
			hasScannedForEncodings = 0;
			knownRegions = (
				en,
				Base,
			);
			mainGroup = AEA0EB3C299D4C8500496B90;
			productRefGroup = AEA0EB46299D4C8500496B90 /* Products */;
			projectDirPath = "";
			projectRoot = "";
			targets = (
				AEA0EB44299D4C8500496B90 /* WeatherTracker */,
			);
		};
/* End PBXProject section */

/* Begin PBXResourcesBuildPhase section */
		AEA0EB43299D4C8500496B90 /* Resources */ = {
			isa = PBXResourcesBuildPhase;
			buildActionMask = 2147483647;
			files = (
				AEA0EB50299D4C8700496B90 /* Preview Assets.xcassets in Resources */,
				AEA0EB5E299D58AF00496B90 /* data.json in Resources */,
				AEA0EB4D299D4C8700496B90 /* Assets.xcassets in Resources */,
			);
			runOnlyForDeploymentPostprocessing = 0;
		};
/* End PBXResourcesBuildPhase section */

/* Begin PBXSourcesBuildPhase section */
		AEA0EB41299D4C8500496B90 /* Sources */ = {
			isa = PBXSourcesBuildPhase;
			buildActionMask = 2147483647;
			files = (
				AEA0EB5B299D4E0900496B90 /* WeatherView.swift in Sources */,
				AEA0EB4B299D4C8500496B90 /* HomeView.swift in Sources */,
				AEA0EB49299D4C8500496B90 /* WeatherTrackerApp.swift in Sources */,
				AE4DA637299E8A7100B395AB /* ForecastView.swift in Sources */,
				AEB214C529A7BED300176FCC /* WeatherModel.swift in Sources */,
				AE4DA639299E904A00B395AB /* SmallWeatherBox.swift in Sources */,
				AEB214C729A7BEEE00176FCC /* WeatherAPIClient.swift in Sources */,
			);
			runOnlyForDeploymentPostprocessing = 0;
		};
/* End PBXSourcesBuildPhase section */

/* Begin XCBuildConfiguration section */
		AEA0EB51299D4C8700496B90 /* Debug */ = {
			isa = XCBuildConfiguration;
			buildSettings = {
				ALWAYS_SEARCH_USER_PATHS = NO;
				CLANG_ANALYZER_NONNULL = YES;
				CLANG_ANALYZER_NUMBER_OBJECT_CONVERSION = YES_AGGRESSIVE;
				CLANG_CXX_LANGUAGE_STANDARD = "gnu++20";
				CLANG_ENABLE_MODULES = YES;
				CLANG_ENABLE_OBJC_ARC = YES;
				CLANG_ENABLE_OBJC_WEAK = YES;
				CLANG_WARN_BLOCK_CAPTURE_AUTORELEASING = YES;
				CLANG_WARN_BOOL_CONVERSION = YES;
				CLANG_WARN_COMMA = YES;
				CLANG_WARN_CONSTANT_CONVERSION = YES;
				CLANG_WARN_DEPRECATED_OBJC_IMPLEMENTATIONS = YES;
				CLANG_WARN_DIRECT_OBJC_ISA_USAGE = YES_ERROR;
				CLANG_WARN_DOCUMENTATION_COMMENTS = YES;
				CLANG_WARN_EMPTY_BODY = YES;
				CLANG_WARN_ENUM_CONVERSION = YES;
				CLANG_WARN_INFINITE_RECURSION = YES;
				CLANG_WARN_INT_CONVERSION = YES;
				CLANG_WARN_NON_LITERAL_NULL_CONVERSION = YES;
				CLANG_WARN_OBJC_IMPLICIT_RETAIN_SELF = YES;
				CLANG_WARN_OBJC_LITERAL_CONVERSION = YES;
				CLANG_WARN_OBJC_ROOT_CLASS = YES_ERROR;
				CLANG_WARN_QUOTED_INCLUDE_IN_FRAMEWORK_HEADER = YES;
				CLANG_WARN_RANGE_LOOP_ANALYSIS = YES;
				CLANG_WARN_STRICT_PROTOTYPES = YES;
				CLANG_WARN_SUSPICIOUS_MOVE = YES;
				CLANG_WARN_UNGUARDED_AVAILABILITY = YES_AGGRESSIVE;
				CLANG_WARN_UNREACHABLE_CODE = YES;
				CLANG_WARN__DUPLICATE_METHOD_MATCH = YES;
				COPY_PHASE_STRIP = NO;
				DEBUG_INFORMATION_FORMAT = dwarf;
				ENABLE_STRICT_OBJC_MSGSEND = YES;
				ENABLE_TESTABILITY = YES;
				GCC_C_LANGUAGE_STANDARD = gnu11;
				GCC_DYNAMIC_NO_PIC = NO;
				GCC_NO_COMMON_BLOCKS = YES;
				GCC_OPTIMIZATION_LEVEL = 0;
				GCC_PREPROCESSOR_DEFINITIONS = (
					"DEBUG=1",
					"$(inherited)",
				);
				GCC_WARN_64_TO_32_BIT_CONVERSION = YES;
				GCC_WARN_ABOUT_RETURN_TYPE = YES_ERROR;
				GCC_WARN_UNDECLARED_SELECTOR = YES;
				GCC_WARN_UNINITIALIZED_AUTOS = YES_AGGRESSIVE;
				GCC_WARN_UNUSED_FUNCTION = YES;
				GCC_WARN_UNUSED_VARIABLE = YES;
				IPHONEOS_DEPLOYMENT_TARGET = 16.2;
				MTL_ENABLE_DEBUG_INFO = INCLUDE_SOURCE;
				MTL_FAST_MATH = YES;
				ONLY_ACTIVE_ARCH = YES;
				SDKROOT = iphoneos;
				SWIFT_ACTIVE_COMPILATION_CONDITIONS = DEBUG;
				SWIFT_OPTIMIZATION_LEVEL = "-Onone";
			};
			name = Debug;
		};
		AEA0EB52299D4C8700496B90 /* Release */ = {
			isa = XCBuildConfiguration;
			buildSettings = {
				ALWAYS_SEARCH_USER_PATHS = NO;
				CLANG_ANALYZER_NONNULL = YES;
				CLANG_ANALYZER_NUMBER_OBJECT_CONVERSION = YES_AGGRESSIVE;
				CLANG_CXX_LANGUAGE_STANDARD = "gnu++20";
				CLANG_ENABLE_MODULES = YES;
				CLANG_ENABLE_OBJC_ARC = YES;
				CLANG_ENABLE_OBJC_WEAK = YES;
				CLANG_WARN_BLOCK_CAPTURE_AUTORELEASING = YES;
				CLANG_WARN_BOOL_CONVERSION = YES;
				CLANG_WARN_COMMA = YES;
				CLANG_WARN_CONSTANT_CONVERSION = YES;
				CLANG_WARN_DEPRECATED_OBJC_IMPLEMENTATIONS = YES;
				CLANG_WARN_DIRECT_OBJC_ISA_USAGE = YES_ERROR;
				CLANG_WARN_DOCUMENTATION_COMMENTS = YES;
				CLANG_WARN_EMPTY_BODY = YES;
				CLANG_WARN_ENUM_CONVERSION = YES;
				CLANG_WARN_INFINITE_RECURSION = YES;
				CLANG_WARN_INT_CONVERSION = YES;
				CLANG_WARN_NON_LITERAL_NULL_CONVERSION = YES;
				CLANG_WARN_OBJC_IMPLICIT_RETAIN_SELF = YES;
				CLANG_WARN_OBJC_LITERAL_CONVERSION = YES;
				CLANG_WARN_OBJC_ROOT_CLASS = YES_ERROR;
				CLANG_WARN_QUOTED_INCLUDE_IN_FRAMEWORK_HEADER = YES;
				CLANG_WARN_RANGE_LOOP_ANALYSIS = YES;
				CLANG_WARN_STRICT_PROTOTYPES = YES;
				CLANG_WARN_SUSPICIOUS_MOVE = YES;
				CLANG_WARN_UNGUARDED_AVAILABILITY = YES_AGGRESSIVE;
				CLANG_WARN_UNREACHABLE_CODE = YES;
				CLANG_WARN__DUPLICATE_METHOD_MATCH = YES;
				COPY_PHASE_STRIP = NO;
				DEBUG_INFORMATION_FORMAT = "dwarf-with-dsym";
				ENABLE_NS_ASSERTIONS = NO;
				ENABLE_STRICT_OBJC_MSGSEND = YES;
				GCC_C_LANGUAGE_STANDARD = gnu11;
				GCC_NO_COMMON_BLOCKS = YES;
				GCC_WARN_64_TO_32_BIT_CONVERSION = YES;
				GCC_WARN_ABOUT_RETURN_TYPE = YES_ERROR;
				GCC_WARN_UNDECLARED_SELECTOR = YES;
				GCC_WARN_UNINITIALIZED_AUTOS = YES_AGGRESSIVE;
				GCC_WARN_UNUSED_FUNCTION = YES;
				GCC_WARN_UNUSED_VARIABLE = YES;
				IPHONEOS_DEPLOYMENT_TARGET = 16.2;
				MTL_ENABLE_DEBUG_INFO = NO;
				MTL_FAST_MATH = YES;
				SDKROOT = iphoneos;
				SWIFT_COMPILATION_MODE = wholemodule;
				SWIFT_OPTIMIZATION_LEVEL = "-O";
				VALIDATE_PRODUCT = YES;
			};
			name = Release;
		};
		AEA0EB54299D4C8700496B90 /* Debug */ = {
			isa = XCBuildConfiguration;
			buildSettings = {
				ASSETCATALOG_COMPILER_APPICON_NAME = AppIcon;
				ASSETCATALOG_COMPILER_GLOBAL_ACCENT_COLOR_NAME = AccentColor;
				CODE_SIGN_STYLE = Automatic;
				CURRENT_PROJECT_VERSION = 1;
				DEVELOPMENT_ASSET_PATHS = "\"WeatherTracker/Preview Content\"";
				DEVELOPMENT_TEAM = 526WZ46BUS;
				ENABLE_PREVIEWS = YES;
				GENERATE_INFOPLIST_FILE = YES;
				INFOPLIST_KEY_NSLocationWhenInUseUsageDescription = "Location needed to retrieve weather data";
				INFOPLIST_KEY_UIApplicationSceneManifest_Generation = YES;
				INFOPLIST_KEY_UIApplicationSupportsIndirectInputEvents = YES;
				INFOPLIST_KEY_UILaunchScreen_Generation = YES;
				INFOPLIST_KEY_UISupportedInterfaceOrientations_iPad = "UIInterfaceOrientationPortrait UIInterfaceOrientationPortraitUpsideDown UIInterfaceOrientationLandscapeLeft UIInterfaceOrientationLandscapeRight";
				INFOPLIST_KEY_UISupportedInterfaceOrientations_iPhone = "UIInterfaceOrientationPortrait UIInterfaceOrientationLandscapeLeft UIInterfaceOrientationLandscapeRight";
				LD_RUNPATH_SEARCH_PATHS = (
					"$(inherited)",
					"@executable_path/Frameworks",
				);
				MARKETING_VERSION = 1.0;
				NSLocationWhenInUseUsageDescription = "\"Location required to retrieve weather information\"";
				PRODUCT_BUNDLE_IDENTIFIER = com.joshuawright.WeatherTracker;
				PRODUCT_NAME = "$(TARGET_NAME)";
				SWIFT_EMIT_LOC_STRINGS = YES;
				SWIFT_VERSION = 5.0;
				TARGETED_DEVICE_FAMILY = "1,2";
			};
			name = Debug;
		};
		AEA0EB55299D4C8700496B90 /* Release */ = {
			isa = XCBuildConfiguration;
			buildSettings = {
				ASSETCATALOG_COMPILER_APPICON_NAME = AppIcon;
				ASSETCATALOG_COMPILER_GLOBAL_ACCENT_COLOR_NAME = AccentColor;
				CODE_SIGN_STYLE = Automatic;
				CURRENT_PROJECT_VERSION = 1;
				DEVELOPMENT_ASSET_PATHS = "\"WeatherTracker/Preview Content\"";
				DEVELOPMENT_TEAM = 526WZ46BUS;
				ENABLE_PREVIEWS = YES;
				GENERATE_INFOPLIST_FILE = YES;
				INFOPLIST_KEY_NSLocationWhenInUseUsageDescription = "Location needed to retrieve weather data";
				INFOPLIST_KEY_UIApplicationSceneManifest_Generation = YES;
				INFOPLIST_KEY_UIApplicationSupportsIndirectInputEvents = YES;
				INFOPLIST_KEY_UILaunchScreen_Generation = YES;
				INFOPLIST_KEY_UISupportedInterfaceOrientations_iPad = "UIInterfaceOrientationPortrait UIInterfaceOrientationPortraitUpsideDown UIInterfaceOrientationLandscapeLeft UIInterfaceOrientationLandscapeRight";
				INFOPLIST_KEY_UISupportedInterfaceOrientations_iPhone = "UIInterfaceOrientationPortrait UIInterfaceOrientationLandscapeLeft UIInterfaceOrientationLandscapeRight";
				LD_RUNPATH_SEARCH_PATHS = (
					"$(inherited)",
					"@executable_path/Frameworks",
				);
				MARKETING_VERSION = 1.0;
				NSLocationWhenInUseUsageDescription = "\"Location required to retrieve weather information\"";
				PRODUCT_BUNDLE_IDENTIFIER = com.joshuawright.WeatherTracker;
				PRODUCT_NAME = "$(TARGET_NAME)";
				SWIFT_EMIT_LOC_STRINGS = YES;
				SWIFT_VERSION = 5.0;
				TARGETED_DEVICE_FAMILY = "1,2";
			};
			name = Release;
		};
/* End XCBuildConfiguration section */

/* Begin XCConfigurationList section */
		AEA0EB40299D4C8500496B90 /* Build configuration list for PBXProject "WeatherTracker" */ = {
			isa = XCConfigurationList;
			buildConfigurations = (
				AEA0EB51299D4C8700496B90 /* Debug */,
				AEA0EB52299D4C8700496B90 /* Release */,
			);
			defaultConfigurationIsVisible = 0;
			defaultConfigurationName = Release;
		};
		AEA0EB53299D4C8700496B90 /* Build configuration list for PBXNativeTarget "WeatherTracker" */ = {
			isa = XCConfigurationList;
			buildConfigurations = (
				AEA0EB54299D4C8700496B90 /* Debug */,
				AEA0EB55299D4C8700496B90 /* Release */,
			);
			defaultConfigurationIsVisible = 0;
			defaultConfigurationName = Release;
		};
/* End XCConfigurationList section */
	};
	rootObject = AEA0EB3D299D4C8500496B90 /* Project object */;
}
